// !$*UTF8*$!
{
	archiveVersion = 1;
	classes = {
	};
	objectVersion = 46;
	objects = {

/* Begin PBXBuildFile section */
		110C7D2A1838C8A00046EC1F /* Foundation.framework in Frameworks */ = {isa = PBXBuildFile; fileRef = 110C7D291838C8A00046EC1F /* Foundation.framework */; };
		110C7D2C1838C8A00046EC1F /* CoreGraphics.framework in Frameworks */ = {isa = PBXBuildFile; fileRef = 110C7D2B1838C8A00046EC1F /* CoreGraphics.framework */; };
		110C7D2E1838C8A00046EC1F /* UIKit.framework in Frameworks */ = {isa = PBXBuildFile; fileRef = 110C7D2D1838C8A00046EC1F /* UIKit.framework */; };
		110C7D341838C8A00046EC1F /* InfoPlist.strings in Resources */ = {isa = PBXBuildFile; fileRef = 110C7D321838C8A00046EC1F /* InfoPlist.strings */; };
		110C7D361838C8A00046EC1F /* main.m in Sources */ = {isa = PBXBuildFile; fileRef = 110C7D351838C8A00046EC1F /* main.m */; };
		110C7D3A1838C8A00046EC1F /* AppDelegate.m in Sources */ = {isa = PBXBuildFile; fileRef = 110C7D391838C8A00046EC1F /* AppDelegate.m */; };
		110C7D3D1838C8A00046EC1F /* Main.storyboard in Resources */ = {isa = PBXBuildFile; fileRef = 110C7D3B1838C8A00046EC1F /* Main.storyboard */; };
		110C7D401838C8A00046EC1F /* ViewController.m in Sources */ = {isa = PBXBuildFile; fileRef = 110C7D3F1838C8A00046EC1F /* ViewController.m */; };
		110C7D421838C8A00046EC1F /* Images.xcassets in Resources */ = {isa = PBXBuildFile; fileRef = 110C7D411838C8A00046EC1F /* Images.xcassets */; };
		110C7D491838C8A00046EC1F /* XCTest.framework in Frameworks */ = {isa = PBXBuildFile; fileRef = 110C7D481838C8A00046EC1F /* XCTest.framework */; };
		110C7D4A1838C8A00046EC1F /* Foundation.framework in Frameworks */ = {isa = PBXBuildFile; fileRef = 110C7D291838C8A00046EC1F /* Foundation.framework */; };
		110C7D4B1838C8A00046EC1F /* UIKit.framework in Frameworks */ = {isa = PBXBuildFile; fileRef = 110C7D2D1838C8A00046EC1F /* UIKit.framework */; };
		110C7D531838C8A00046EC1F /* InfoPlist.strings in Resources */ = {isa = PBXBuildFile; fileRef = 110C7D511838C8A00046EC1F /* InfoPlist.strings */; };
		110C7D551838C8A00046EC1F /* Grocery_DudeTests.m in Sources */ = {isa = PBXBuildFile; fileRef = 110C7D541838C8A00046EC1F /* Grocery_DudeTests.m */; };
		110C7D5F1838CDC50046EC1F /* CoreData.framework in Frameworks */ = {isa = PBXBuildFile; fileRef = 110C7D5E1838CDC50046EC1F /* CoreData.framework */; };
		110C7D631838CEA60046EC1F /* CoreDataHelper.m in Sources */ = {isa = PBXBuildFile; fileRef = 110C7D621838CEA60046EC1F /* CoreDataHelper.m */; };
		110C7D6718391BEE0046EC1F /* Model.xcdatamodeld in Sources */ = {isa = PBXBuildFile; fileRef = 110C7D6518391BEE0046EC1F /* Model.xcdatamodeld */; };
		1119D097183E918F00BC8C04 /* Model4to5.xcmappingmodel in Sources */ = {isa = PBXBuildFile; fileRef = 1119D096183E918F00BC8C04 /* Model4to5.xcmappingmodel */; };
		114E59AF183BE0BC008AF575 /* Measurement.m in Sources */ = {isa = PBXBuildFile; fileRef = 114E59AE183BE0BC008AF575 /* Measurement.m */; };
		114E59BB183BFD83008AF575 /* Amount.m in Sources */ = {isa = PBXBuildFile; fileRef = 114E59BA183BFD83008AF575 /* Amount.m */; };
		114E59BD183BFE05008AF575 /* Model2ToModel4.xcmappingmodel in Sources */ = {isa = PBXBuildFile; fileRef = 114E59BC183BFE05008AF575 /* Model2ToModel4.xcmappingmodel */; };
		114E59C1183C06DE008AF575 /* MigrationVC.m in Sources */ = {isa = PBXBuildFile; fileRef = 114E59C0183C06DE008AF575 /* MigrationVC.m */; };
		11A9784F18412B89006DD321 /* LocationAtHome.m in Sources */ = {isa = PBXBuildFile; fileRef = 11A9784E18412B89006DD321 /* LocationAtHome.m */; };
		11A9785218412B8A006DD321 /* LocationAtShop.m in Sources */ = {isa = PBXBuildFile; fileRef = 11A9785118412B8A006DD321 /* LocationAtShop.m */; };
		11A9785518412B8A006DD321 /* Location.m in Sources */ = {isa = PBXBuildFile; fileRef = 11A9785418412B8A006DD321 /* Location.m */; };
		11A9785818412B8A006DD321 /* Unit.m in Sources */ = {isa = PBXBuildFile; fileRef = 11A9785718412B8A006DD321 /* Unit.m */; };
		11A9785B18412B8A006DD321 /* Item.m in Sources */ = {isa = PBXBuildFile; fileRef = 11A9785A18412B8A006DD321 /* Item.m */; };
/* End PBXBuildFile section */

/* Begin PBXContainerItemProxy section */
		110C7D4C1838C8A00046EC1F /* PBXContainerItemProxy */ = {
			isa = PBXContainerItemProxy;
			containerPortal = 110C7D1E1838C8A00046EC1F /* Project object */;
			proxyType = 1;
			remoteGlobalIDString = 110C7D251838C8A00046EC1F;
			remoteInfo = "Grocery Dude";
		};
/* End PBXContainerItemProxy section */

/* Begin PBXFileReference section */
		110C7D261838C8A00046EC1F /* Grocery Dude.app */ = {isa = PBXFileReference; explicitFileType = wrapper.application; includeInIndex = 0; path = "Grocery Dude.app"; sourceTree = BUILT_PRODUCTS_DIR; };
		110C7D291838C8A00046EC1F /* Foundation.framework */ = {isa = PBXFileReference; lastKnownFileType = wrapper.framework; name = Foundation.framework; path = System/Library/Frameworks/Foundation.framework; sourceTree = SDKROOT; };
		110C7D2B1838C8A00046EC1F /* CoreGraphics.framework */ = {isa = PBXFileReference; lastKnownFileType = wrapper.framework; name = CoreGraphics.framework; path = System/Library/Frameworks/CoreGraphics.framework; sourceTree = SDKROOT; };
		110C7D2D1838C8A00046EC1F /* UIKit.framework */ = {isa = PBXFileReference; lastKnownFileType = wrapper.framework; name = UIKit.framework; path = System/Library/Frameworks/UIKit.framework; sourceTree = SDKROOT; };
		110C7D311838C8A00046EC1F /* Grocery Dude-Info.plist */ = {isa = PBXFileReference; lastKnownFileType = text.plist.xml; path = "Grocery Dude-Info.plist"; sourceTree = "<group>"; };
		110C7D331838C8A00046EC1F /* en */ = {isa = PBXFileReference; lastKnownFileType = text.plist.strings; name = en; path = en.lproj/InfoPlist.strings; sourceTree = "<group>"; };
		110C7D351838C8A00046EC1F /* main.m */ = {isa = PBXFileReference; lastKnownFileType = sourcecode.c.objc; path = main.m; sourceTree = "<group>"; };
		110C7D371838C8A00046EC1F /* Grocery Dude-Prefix.pch */ = {isa = PBXFileReference; lastKnownFileType = sourcecode.c.h; path = "Grocery Dude-Prefix.pch"; sourceTree = "<group>"; };
		110C7D381838C8A00046EC1F /* AppDelegate.h */ = {isa = PBXFileReference; lastKnownFileType = sourcecode.c.h; path = AppDelegate.h; sourceTree = "<group>"; };
		110C7D391838C8A00046EC1F /* AppDelegate.m */ = {isa = PBXFileReference; lastKnownFileType = sourcecode.c.objc; path = AppDelegate.m; sourceTree = "<group>"; };
		110C7D3C1838C8A00046EC1F /* Base */ = {isa = PBXFileReference; lastKnownFileType = file.storyboard; name = Base; path = Base.lproj/Main.storyboard; sourceTree = "<group>"; };
		110C7D3E1838C8A00046EC1F /* ViewController.h */ = {isa = PBXFileReference; lastKnownFileType = sourcecode.c.h; path = ViewController.h; sourceTree = "<group>"; };
		110C7D3F1838C8A00046EC1F /* ViewController.m */ = {isa = PBXFileReference; lastKnownFileType = sourcecode.c.objc; path = ViewController.m; sourceTree = "<group>"; };
		110C7D411838C8A00046EC1F /* Images.xcassets */ = {isa = PBXFileReference; lastKnownFileType = folder.assetcatalog; path = Images.xcassets; sourceTree = "<group>"; };
		110C7D471838C8A00046EC1F /* Grocery DudeTests.xctest */ = {isa = PBXFileReference; explicitFileType = wrapper.cfbundle; includeInIndex = 0; path = "Grocery DudeTests.xctest"; sourceTree = BUILT_PRODUCTS_DIR; };
		110C7D481838C8A00046EC1F /* XCTest.framework */ = {isa = PBXFileReference; lastKnownFileType = wrapper.framework; name = XCTest.framework; path = Library/Frameworks/XCTest.framework; sourceTree = DEVELOPER_DIR; };
		110C7D501838C8A00046EC1F /* Grocery DudeTests-Info.plist */ = {isa = PBXFileReference; lastKnownFileType = text.plist.xml; path = "Grocery DudeTests-Info.plist"; sourceTree = "<group>"; };
		110C7D521838C8A00046EC1F /* en */ = {isa = PBXFileReference; lastKnownFileType = text.plist.strings; name = en; path = en.lproj/InfoPlist.strings; sourceTree = "<group>"; };
		110C7D541838C8A00046EC1F /* Grocery_DudeTests.m */ = {isa = PBXFileReference; lastKnownFileType = sourcecode.c.objc; path = Grocery_DudeTests.m; sourceTree = "<group>"; };
		110C7D5E1838CDC50046EC1F /* CoreData.framework */ = {isa = PBXFileReference; lastKnownFileType = wrapper.framework; name = CoreData.framework; path = System/Library/Frameworks/CoreData.framework; sourceTree = SDKROOT; };
		110C7D611838CEA60046EC1F /* CoreDataHelper.h */ = {isa = PBXFileReference; fileEncoding = 4; lastKnownFileType = sourcecode.c.h; path = CoreDataHelper.h; sourceTree = "<group>"; };
		110C7D621838CEA60046EC1F /* CoreDataHelper.m */ = {isa = PBXFileReference; fileEncoding = 4; lastKnownFileType = sourcecode.c.objc; path = CoreDataHelper.m; sourceTree = "<group>"; };
		110C7D6618391BEE0046EC1F /* Model.xcdatamodel */ = {isa = PBXFileReference; lastKnownFileType = wrapper.xcdatamodel; path = Model.xcdatamodel; sourceTree = "<group>"; };
		1119D090183E89C200BC8C04 /* Model 5.xcdatamodel */ = {isa = PBXFileReference; lastKnownFileType = wrapper.xcdatamodel; path = "Model 5.xcdatamodel"; sourceTree = "<group>"; };
		1119D096183E918F00BC8C04 /* Model4to5.xcmappingmodel */ = {isa = PBXFileReference; lastKnownFileType = wrapper.xcmappingmodel; path = Model4to5.xcmappingmodel; sourceTree = "<group>"; };
		1119D098183EC9C700BC8C04 /* test.xcdatamodel */ = {isa = PBXFileReference; lastKnownFileType = wrapper.xcdatamodel; path = test.xcdatamodel; sourceTree = "<group>"; };
		114E59AC183BDAC2008AF575 /* Model 2.xcdatamodel */ = {isa = PBXFileReference; lastKnownFileType = wrapper.xcdatamodel; path = "Model 2.xcdatamodel"; sourceTree = "<group>"; };
		114E59AD183BE0BC008AF575 /* Measurement.h */ = {isa = PBXFileReference; fileEncoding = 4; lastKnownFileType = sourcecode.c.h; path = Measurement.h; sourceTree = "<group>"; };
		114E59AE183BE0BC008AF575 /* Measurement.m */ = {isa = PBXFileReference; fileEncoding = 4; lastKnownFileType = sourcecode.c.objc; path = Measurement.m; sourceTree = "<group>"; };
		114E59B8183BFD1D008AF575 /* Model 4.xcdatamodel */ = {isa = PBXFileReference; lastKnownFileType = wrapper.xcdatamodel; path = "Model 4.xcdatamodel"; sourceTree = "<group>"; };
		114E59B9183BFD83008AF575 /* Amount.h */ = {isa = PBXFileReference; fileEncoding = 4; lastKnownFileType = sourcecode.c.h; path = Amount.h; sourceTree = "<group>"; };
		114E59BA183BFD83008AF575 /* Amount.m */ = {isa = PBXFileReference; fileEncoding = 4; lastKnownFileType = sourcecode.c.objc; path = Amount.m; sourceTree = "<group>"; };
		114E59BC183BFE05008AF575 /* Model2ToModel4.xcmappingmodel */ = {isa = PBXFileReference; lastKnownFileType = wrapper.xcmappingmodel; path = Model2ToModel4.xcmappingmodel; sourceTree = "<group>"; };
		114E59BF183C06DE008AF575 /* MigrationVC.h */ = {isa = PBXFileReference; fileEncoding = 4; lastKnownFileType = sourcecode.c.h; path = MigrationVC.h; sourceTree = "<group>"; };
		114E59C0183C06DE008AF575 /* MigrationVC.m */ = {isa = PBXFileReference; fileEncoding = 4; lastKnownFileType = sourcecode.c.objc; path = MigrationVC.m; sourceTree = "<group>"; };
		11A9783D1841295A006DD321 /* Model 8.xcdatamodel */ = {isa = PBXFileReference; lastKnownFileType = file; path = "Model 8.xcdatamodel"; sourceTree = "<group>"; };
		11A9784D18412B89006DD321 /* LocationAtHome.h */ = {isa = PBXFileReference; fileEncoding = 4; lastKnownFileType = sourcecode.c.h; path = LocationAtHome.h; sourceTree = "<group>"; };
		11A9784E18412B89006DD321 /* LocationAtHome.m */ = {isa = PBXFileReference; fileEncoding = 4; lastKnownFileType = sourcecode.c.objc; path = LocationAtHome.m; sourceTree = "<group>"; };
		11A9785018412B8A006DD321 /* LocationAtShop.h */ = {isa = PBXFileReference; fileEncoding = 4; lastKnownFileType = sourcecode.c.h; path = LocationAtShop.h; sourceTree = "<group>"; };
		11A9785118412B8A006DD321 /* LocationAtShop.m */ = {isa = PBXFileReference; fileEncoding = 4; lastKnownFileType = sourcecode.c.objc; path = LocationAtShop.m; sourceTree = "<group>"; };
		11A9785318412B8A006DD321 /* Location.h */ = {isa = PBXFileReference; fileEncoding = 4; lastKnownFileType = sourcecode.c.h; path = Location.h; sourceTree = "<group>"; };
		11A9785418412B8A006DD321 /* Location.m */ = {isa = PBXFileReference; fileEncoding = 4; lastKnownFileType = sourcecode.c.objc; path = Location.m; sourceTree = "<group>"; };
		11A9785618412B8A006DD321 /* Unit.h */ = {isa = PBXFileReference; fileEncoding = 4; lastKnownFileType = sourcecode.c.h; path = Unit.h; sourceTree = "<group>"; };
		11A9785718412B8A006DD321 /* Unit.m */ = {isa = PBXFileReference; fileEncoding = 4; lastKnownFileType = sourcecode.c.objc; path = Unit.m; sourceTree = "<group>"; };
		11A9785918412B8A006DD321 /* Item.h */ = {isa = PBXFileReference; fileEncoding = 4; lastKnownFileType = sourcecode.c.h; path = Item.h; sourceTree = "<group>"; };
		11A9785A18412B8A006DD321 /* Item.m */ = {isa = PBXFileReference; fileEncoding = 4; lastKnownFileType = sourcecode.c.objc; path = Item.m; sourceTree = "<group>"; };
		11F57F261840D61900929388 /* Model 6.xcdatamodel */ = {isa = PBXFileReference; lastKnownFileType = wrapper.xcdatamodel; path = "Model 6.xcdatamodel"; sourceTree = "<group>"; };
		11F57F2C1840D97300929388 /* Model 7.xcdatamodel */ = {isa = PBXFileReference; lastKnownFileType = wrapper.xcdatamodel; path = "Model 7.xcdatamodel"; sourceTree = "<group>"; };
/* End PBXFileReference section */

/* Begin PBXFrameworksBuildPhase section */
		110C7D231838C8A00046EC1F /* Frameworks */ = {
			isa = PBXFrameworksBuildPhase;
			buildActionMask = 2147483647;
			files = (
				110C7D5F1838CDC50046EC1F /* CoreData.framework in Frameworks */,
				110C7D2C1838C8A00046EC1F /* CoreGraphics.framework in Frameworks */,
				110C7D2E1838C8A00046EC1F /* UIKit.framework in Frameworks */,
				110C7D2A1838C8A00046EC1F /* Foundation.framework in Frameworks */,
			);
			runOnlyForDeploymentPostprocessing = 0;
		};
		110C7D441838C8A00046EC1F /* Frameworks */ = {
			isa = PBXFrameworksBuildPhase;
			buildActionMask = 2147483647;
			files = (
				110C7D491838C8A00046EC1F /* XCTest.framework in Frameworks */,
				110C7D4B1838C8A00046EC1F /* UIKit.framework in Frameworks */,
				110C7D4A1838C8A00046EC1F /* Foundation.framework in Frameworks */,
			);
			runOnlyForDeploymentPostprocessing = 0;
		};
/* End PBXFrameworksBuildPhase section */

/* Begin PBXGroup section */
		110C7D1D1838C8A00046EC1F = {
			isa = PBXGroup;
			children = (
				110C7D2F1838C8A00046EC1F /* Grocery Dude */,
				110C7D4E1838C8A00046EC1F /* Grocery DudeTests */,
				110C7D281838C8A00046EC1F /* Frameworks */,
				110C7D271838C8A00046EC1F /* Products */,
			);
			sourceTree = "<group>";
		};
		110C7D271838C8A00046EC1F /* Products */ = {
			isa = PBXGroup;
			children = (
				110C7D261838C8A00046EC1F /* Grocery Dude.app */,
				110C7D471838C8A00046EC1F /* Grocery DudeTests.xctest */,
			);
			name = Products;
			sourceTree = "<group>";
		};
		110C7D281838C8A00046EC1F /* Frameworks */ = {
			isa = PBXGroup;
			children = (
				110C7D5E1838CDC50046EC1F /* CoreData.framework */,
				110C7D291838C8A00046EC1F /* Foundation.framework */,
				110C7D2B1838C8A00046EC1F /* CoreGraphics.framework */,
				110C7D2D1838C8A00046EC1F /* UIKit.framework */,
				110C7D481838C8A00046EC1F /* XCTest.framework */,
			);
			name = Frameworks;
			sourceTree = "<group>";
		};
		110C7D2F1838C8A00046EC1F /* Grocery Dude */ = {
			isa = PBXGroup;
			children = (
				114E59BE183C06A4008AF575 /* Grocery Dude View Controllers */,
				110C7D6418391B830046EC1F /* Data Model */,
				110C7D601838CE570046EC1F /* Generic Core Data Classes */,
				110C7D381838C8A00046EC1F /* AppDelegate.h */,
				110C7D391838C8A00046EC1F /* AppDelegate.m */,
				110C7D3B1838C8A00046EC1F /* Main.storyboard */,
				110C7D3E1838C8A00046EC1F /* ViewController.h */,
				110C7D3F1838C8A00046EC1F /* ViewController.m */,
				110C7D411838C8A00046EC1F /* Images.xcassets */,
				110C7D301838C8A00046EC1F /* Supporting Files */,
			);
			path = "Grocery Dude";
			sourceTree = "<group>";
		};
		110C7D301838C8A00046EC1F /* Supporting Files */ = {
			isa = PBXGroup;
			children = (
				110C7D311838C8A00046EC1F /* Grocery Dude-Info.plist */,
				110C7D321838C8A00046EC1F /* InfoPlist.strings */,
				110C7D351838C8A00046EC1F /* main.m */,
				110C7D371838C8A00046EC1F /* Grocery Dude-Prefix.pch */,
			);
			name = "Supporting Files";
			sourceTree = "<group>";
		};
		110C7D4E1838C8A00046EC1F /* Grocery DudeTests */ = {
			isa = PBXGroup;
			children = (
				110C7D541838C8A00046EC1F /* Grocery_DudeTests.m */,
				110C7D4F1838C8A00046EC1F /* Supporting Files */,
			);
			path = "Grocery DudeTests";
			sourceTree = "<group>";
		};
		110C7D4F1838C8A00046EC1F /* Supporting Files */ = {
			isa = PBXGroup;
			children = (
				110C7D501838C8A00046EC1F /* Grocery DudeTests-Info.plist */,
				110C7D511838C8A00046EC1F /* InfoPlist.strings */,
			);
			name = "Supporting Files";
			sourceTree = "<group>";
		};
		110C7D601838CE570046EC1F /* Generic Core Data Classes */ = {
			isa = PBXGroup;
			children = (
				110C7D611838CEA60046EC1F /* CoreDataHelper.h */,
				110C7D621838CEA60046EC1F /* CoreDataHelper.m */,
			);
			name = "Generic Core Data Classes";
			sourceTree = "<group>";
		};
		110C7D6418391B830046EC1F /* Data Model */ = {
			isa = PBXGroup;
			children = (
				110C7D6518391BEE0046EC1F /* Model.xcdatamodeld */,
				11A9785918412B8A006DD321 /* Item.h */,
				11A9785A18412B8A006DD321 /* Item.m */,
				11A9785618412B8A006DD321 /* Unit.h */,
				11A9785718412B8A006DD321 /* Unit.m */,
				11A9785318412B8A006DD321 /* Location.h */,
				11A9785418412B8A006DD321 /* Location.m */,
				11A9785018412B8A006DD321 /* LocationAtShop.h */,
				11A9785118412B8A006DD321 /* LocationAtShop.m */,
				11A9784D18412B89006DD321 /* LocationAtHome.h */,
				11A9784E18412B89006DD321 /* LocationAtHome.m */,
				114E59B9183BFD83008AF575 /* Amount.h */,
				114E59BA183BFD83008AF575 /* Amount.m */,
				114E59AD183BE0BC008AF575 /* Measurement.h */,
				114E59AE183BE0BC008AF575 /* Measurement.m */,
				114E59BC183BFE05008AF575 /* Model2ToModel4.xcmappingmodel */,
				1119D096183E918F00BC8C04 /* Model4to5.xcmappingmodel */,
			);
			name = "Data Model";
			sourceTree = "<group>";
		};
		114E59BE183C06A4008AF575 /* Grocery Dude View Controllers */ = {
			isa = PBXGroup;
			children = (
				114E59BF183C06DE008AF575 /* MigrationVC.h */,
				114E59C0183C06DE008AF575 /* MigrationVC.m */,
			);
			name = "Grocery Dude View Controllers";
			sourceTree = "<group>";
		};
/* End PBXGroup section */

/* Begin PBXNativeTarget section */
		110C7D251838C8A00046EC1F /* Grocery Dude */ = {
			isa = PBXNativeTarget;
			buildConfigurationList = 110C7D581838C8A00046EC1F /* Build configuration list for PBXNativeTarget "Grocery Dude" */;
			buildPhases = (
				110C7D221838C8A00046EC1F /* Sources */,
				110C7D231838C8A00046EC1F /* Frameworks */,
				110C7D241838C8A00046EC1F /* Resources */,
			);
			buildRules = (
			);
			dependencies = (
			);
			name = "Grocery Dude";
			productName = "Grocery Dude";
			productReference = 110C7D261838C8A00046EC1F /* Grocery Dude.app */;
			productType = "com.apple.product-type.application";
		};
		110C7D461838C8A00046EC1F /* Grocery DudeTests */ = {
			isa = PBXNativeTarget;
			buildConfigurationList = 110C7D5B1838C8A00046EC1F /* Build configuration list for PBXNativeTarget "Grocery DudeTests" */;
			buildPhases = (
				110C7D431838C8A00046EC1F /* Sources */,
				110C7D441838C8A00046EC1F /* Frameworks */,
				110C7D451838C8A00046EC1F /* Resources */,
			);
			buildRules = (
			);
			dependencies = (
				110C7D4D1838C8A00046EC1F /* PBXTargetDependency */,
			);
			name = "Grocery DudeTests";
			productName = "Grocery DudeTests";
			productReference = 110C7D471838C8A00046EC1F /* Grocery DudeTests.xctest */;
			productType = "com.apple.product-type.bundle.unit-test";
		};
/* End PBXNativeTarget section */

/* Begin PBXProject section */
		110C7D1E1838C8A00046EC1F /* Project object */ = {
			isa = PBXProject;
			attributes = {
				LastUpgradeCheck = 0500;
				ORGANIZATIONNAME = "Anvar Azizov";
				TargetAttributes = {
					110C7D251838C8A00046EC1F = {
						DevelopmentTeam = 63QK7MRVTT;
					};
					110C7D461838C8A00046EC1F = {
						TestTargetID = 110C7D251838C8A00046EC1F;
					};
				};
			};
			buildConfigurationList = 110C7D211838C8A00046EC1F /* Build configuration list for PBXProject "Grocery Dude" */;
			compatibilityVersion = "Xcode 3.2";
			developmentRegion = English;
			hasScannedForEncodings = 0;
			knownRegions = (
				en,
				Base,
			);
			mainGroup = 110C7D1D1838C8A00046EC1F;
			productRefGroup = 110C7D271838C8A00046EC1F /* Products */;
			projectDirPath = "";
			projectRoot = "";
			targets = (
				110C7D251838C8A00046EC1F /* Grocery Dude */,
				110C7D461838C8A00046EC1F /* Grocery DudeTests */,
			);
		};
/* End PBXProject section */

/* Begin PBXResourcesBuildPhase section */
		110C7D241838C8A00046EC1F /* Resources */ = {
			isa = PBXResourcesBuildPhase;
			buildActionMask = 2147483647;
			files = (
				110C7D421838C8A00046EC1F /* Images.xcassets in Resources */,
				110C7D341838C8A00046EC1F /* InfoPlist.strings in Resources */,
				110C7D3D1838C8A00046EC1F /* Main.storyboard in Resources */,
			);
			runOnlyForDeploymentPostprocessing = 0;
		};
		110C7D451838C8A00046EC1F /* Resources */ = {
			isa = PBXResourcesBuildPhase;
			buildActionMask = 2147483647;
			files = (
				110C7D531838C8A00046EC1F /* InfoPlist.strings in Resources */,
			);
			runOnlyForDeploymentPostprocessing = 0;
		};
/* End PBXResourcesBuildPhase section */

/* Begin PBXSourcesBuildPhase section */
		110C7D221838C8A00046EC1F /* Sources */ = {
			isa = PBXSourcesBuildPhase;
			buildActionMask = 2147483647;
			files = (
				11A9785B18412B8A006DD321 /* Item.m in Sources */,
				11A9785818412B8A006DD321 /* Unit.m in Sources */,
				11A9785518412B8A006DD321 /* Location.m in Sources */,
				110C7D401838C8A00046EC1F /* ViewController.m in Sources */,
				110C7D3A1838C8A00046EC1F /* AppDelegate.m in Sources */,
				11A9785218412B8A006DD321 /* LocationAtShop.m in Sources */,
				11A9784F18412B89006DD321 /* LocationAtHome.m in Sources */,
				114E59C1183C06DE008AF575 /* MigrationVC.m in Sources */,
				110C7D6718391BEE0046EC1F /* Model.xcdatamodeld in Sources */,
				110C7D631838CEA60046EC1F /* CoreDataHelper.m in Sources */,
				114E59AF183BE0BC008AF575 /* Measurement.m in Sources */,
				110C7D361838C8A00046EC1F /* main.m in Sources */,
				114E59BD183BFE05008AF575 /* Model2ToModel4.xcmappingmodel in Sources */,
				114E59BB183BFD83008AF575 /* Amount.m in Sources */,
				1119D097183E918F00BC8C04 /* Model4to5.xcmappingmodel in Sources */,
			);
			runOnlyForDeploymentPostprocessing = 0;
		};
		110C7D431838C8A00046EC1F /* Sources */ = {
			isa = PBXSourcesBuildPhase;
			buildActionMask = 2147483647;
			files = (
				110C7D551838C8A00046EC1F /* Grocery_DudeTests.m in Sources */,
			);
			runOnlyForDeploymentPostprocessing = 0;
		};
/* End PBXSourcesBuildPhase section */

/* Begin PBXTargetDependency section */
		110C7D4D1838C8A00046EC1F /* PBXTargetDependency */ = {
			isa = PBXTargetDependency;
			target = 110C7D251838C8A00046EC1F /* Grocery Dude */;
			targetProxy = 110C7D4C1838C8A00046EC1F /* PBXContainerItemProxy */;
		};
/* End PBXTargetDependency section */

/* Begin PBXVariantGroup section */
		110C7D321838C8A00046EC1F /* InfoPlist.strings */ = {
			isa = PBXVariantGroup;
			children = (
				110C7D331838C8A00046EC1F /* en */,
			);
			name = InfoPlist.strings;
			sourceTree = "<group>";
		};
		110C7D3B1838C8A00046EC1F /* Main.storyboard */ = {
			isa = PBXVariantGroup;
			children = (
				110C7D3C1838C8A00046EC1F /* Base */,
			);
			name = Main.storyboard;
			sourceTree = "<group>";
		};
		110C7D511838C8A00046EC1F /* InfoPlist.strings */ = {
			isa = PBXVariantGroup;
			children = (
				110C7D521838C8A00046EC1F /* en */,
			);
			name = InfoPlist.strings;
			sourceTree = "<group>";
		};
/* End PBXVariantGroup section */

/* Begin XCBuildConfiguration section */
		110C7D561838C8A00046EC1F /* Debug */ = {
			isa = XCBuildConfiguration;
			buildSettings = {
				ALWAYS_SEARCH_USER_PATHS = NO;
				ARCHS = "$(ARCHS_STANDARD_INCLUDING_64_BIT)";
				CLANG_CXX_LANGUAGE_STANDARD = "gnu++0x";
				CLANG_CXX_LIBRARY = "libc++";
				CLANG_ENABLE_MODULES = YES;
				CLANG_ENABLE_OBJC_ARC = YES;
				CLANG_WARN_BOOL_CONVERSION = YES;
				CLANG_WARN_CONSTANT_CONVERSION = YES;
				CLANG_WARN_DIRECT_OBJC_ISA_USAGE = YES_ERROR;
				CLANG_WARN_EMPTY_BODY = YES;
				CLANG_WARN_ENUM_CONVERSION = YES;
				CLANG_WARN_INT_CONVERSION = YES;
				CLANG_WARN_OBJC_ROOT_CLASS = YES_ERROR;
				CLANG_WARN__DUPLICATE_METHOD_MATCH = YES;
				"CODE_SIGN_IDENTITY[sdk=iphoneos*]" = "iPhone Developer";
				COPY_PHASE_STRIP = NO;
				GCC_C_LANGUAGE_STANDARD = gnu99;
				GCC_DYNAMIC_NO_PIC = NO;
				GCC_OPTIMIZATION_LEVEL = 0;
				GCC_PREPROCESSOR_DEFINITIONS = (
					"DEBUG=1",
					"$(inherited)",
				);
				GCC_SYMBOLS_PRIVATE_EXTERN = NO;
				GCC_WARN_64_TO_32_BIT_CONVERSION = YES;
				GCC_WARN_ABOUT_RETURN_TYPE = YES_ERROR;
				GCC_WARN_UNDECLARED_SELECTOR = YES;
				GCC_WARN_UNINITIALIZED_AUTOS = YES;
				GCC_WARN_UNUSED_FUNCTION = YES;
				GCC_WARN_UNUSED_VARIABLE = YES;
				IPHONEOS_DEPLOYMENT_TARGET = 7.0;
				ONLY_ACTIVE_ARCH = YES;
				SDKROOT = iphoneos;
			};
			name = Debug;
		};
		110C7D571838C8A00046EC1F /* Release */ = {
			isa = XCBuildConfiguration;
			buildSettings = {
				ALWAYS_SEARCH_USER_PATHS = NO;
				ARCHS = "$(ARCHS_STANDARD_INCLUDING_64_BIT)";
				CLANG_CXX_LANGUAGE_STANDARD = "gnu++0x";
				CLANG_CXX_LIBRARY = "libc++";
				CLANG_ENABLE_MODULES = YES;
				CLANG_ENABLE_OBJC_ARC = YES;
				CLANG_WARN_BOOL_CONVERSION = YES;
				CLANG_WARN_CONSTANT_CONVERSION = YES;
				CLANG_WARN_DIRECT_OBJC_ISA_USAGE = YES_ERROR;
				CLANG_WARN_EMPTY_BODY = YES;
				CLANG_WARN_ENUM_CONVERSION = YES;
				CLANG_WARN_INT_CONVERSION = YES;
				CLANG_WARN_OBJC_ROOT_CLASS = YES_ERROR;
				CLANG_WARN__DUPLICATE_METHOD_MATCH = YES;
				"CODE_SIGN_IDENTITY[sdk=iphoneos*]" = "iPhone Developer";
				COPY_PHASE_STRIP = YES;
				ENABLE_NS_ASSERTIONS = NO;
				GCC_C_LANGUAGE_STANDARD = gnu99;
				GCC_WARN_64_TO_32_BIT_CONVERSION = YES;
				GCC_WARN_ABOUT_RETURN_TYPE = YES_ERROR;
				GCC_WARN_UNDECLARED_SELECTOR = YES;
				GCC_WARN_UNINITIALIZED_AUTOS = YES;
				GCC_WARN_UNUSED_FUNCTION = YES;
				GCC_WARN_UNUSED_VARIABLE = YES;
				IPHONEOS_DEPLOYMENT_TARGET = 7.0;
				SDKROOT = iphoneos;
				VALIDATE_PRODUCT = YES;
			};
			name = Release;
		};
		110C7D591838C8A00046EC1F /* Debug */ = {
			isa = XCBuildConfiguration;
			buildSettings = {
				ASSETCATALOG_COMPILER_APPICON_NAME = AppIcon;
				ASSETCATALOG_COMPILER_LAUNCHIMAGE_NAME = LaunchImage;
				CODE_SIGN_IDENTITY = "iPhone Developer";
				GCC_PRECOMPILE_PREFIX_HEADER = YES;
				GCC_PREFIX_HEADER = "Grocery Dude/Grocery Dude-Prefix.pch";
				INFOPLIST_FILE = "Grocery Dude/Grocery Dude-Info.plist";
				PRODUCT_NAME = "$(TARGET_NAME)";
				WRAPPER_EXTENSION = app;
			};
			name = Debug;
		};
		110C7D5A1838C8A00046EC1F /* Release */ = {
			isa = XCBuildConfiguration;
			buildSettings = {
				ASSETCATALOG_COMPILER_APPICON_NAME = AppIcon;
				ASSETCATALOG_COMPILER_LAUNCHIMAGE_NAME = LaunchImage;
				CODE_SIGN_IDENTITY = "iPhone Developer";
				GCC_PRECOMPILE_PREFIX_HEADER = YES;
				GCC_PREFIX_HEADER = "Grocery Dude/Grocery Dude-Prefix.pch";
				INFOPLIST_FILE = "Grocery Dude/Grocery Dude-Info.plist";
				PRODUCT_NAME = "$(TARGET_NAME)";
				WRAPPER_EXTENSION = app;
			};
			name = Release;
		};
		110C7D5C1838C8A00046EC1F /* Debug */ = {
			isa = XCBuildConfiguration;
			buildSettings = {
				ARCHS = "$(ARCHS_STANDARD_INCLUDING_64_BIT)";
				BUNDLE_LOADER = "$(BUILT_PRODUCTS_DIR)/Grocery Dude.app/Grocery Dude";
				FRAMEWORK_SEARCH_PATHS = (
					"$(SDKROOT)/Developer/Library/Frameworks",
					"$(inherited)",
					"$(DEVELOPER_FRAMEWORKS_DIR)",
				);
				GCC_PRECOMPILE_PREFIX_HEADER = YES;
				GCC_PREFIX_HEADER = "Grocery Dude/Grocery Dude-Prefix.pch";
				GCC_PREPROCESSOR_DEFINITIONS = (
					"DEBUG=1",
					"$(inherited)",
				);
				INFOPLIST_FILE = "Grocery DudeTests/Grocery DudeTests-Info.plist";
				PRODUCT_NAME = "$(TARGET_NAME)";
				TEST_HOST = "$(BUNDLE_LOADER)";
				WRAPPER_EXTENSION = xctest;
			};
			name = Debug;
		};
		110C7D5D1838C8A00046EC1F /* Release */ = {
			isa = XCBuildConfiguration;
			buildSettings = {
				ARCHS = "$(ARCHS_STANDARD_INCLUDING_64_BIT)";
				BUNDLE_LOADER = "$(BUILT_PRODUCTS_DIR)/Grocery Dude.app/Grocery Dude";
				FRAMEWORK_SEARCH_PATHS = (
					"$(SDKROOT)/Developer/Library/Frameworks",
					"$(inherited)",
					"$(DEVELOPER_FRAMEWORKS_DIR)",
				);
				GCC_PRECOMPILE_PREFIX_HEADER = YES;
				GCC_PREFIX_HEADER = "Grocery Dude/Grocery Dude-Prefix.pch";
				INFOPLIST_FILE = "Grocery DudeTests/Grocery DudeTests-Info.plist";
				PRODUCT_NAME = "$(TARGET_NAME)";
				TEST_HOST = "$(BUNDLE_LOADER)";
				WRAPPER_EXTENSION = xctest;
			};
			name = Release;
		};
/* End XCBuildConfiguration section */

/* Begin XCConfigurationList section */
		110C7D211838C8A00046EC1F /* Build configuration list for PBXProject "Grocery Dude" */ = {
			isa = XCConfigurationList;
			buildConfigurations = (
				110C7D561838C8A00046EC1F /* Debug */,
				110C7D571838C8A00046EC1F /* Release */,
			);
			defaultConfigurationIsVisible = 0;
			defaultConfigurationName = Release;
		};
		110C7D581838C8A00046EC1F /* Build configuration list for PBXNativeTarget "Grocery Dude" */ = {
			isa = XCConfigurationList;
			buildConfigurations = (
				110C7D591838C8A00046EC1F /* Debug */,
				110C7D5A1838C8A00046EC1F /* Release */,
			);
			defaultConfigurationIsVisible = 0;
			defaultConfigurationName = Release;
		};
		110C7D5B1838C8A00046EC1F /* Build configuration list for PBXNativeTarget "Grocery DudeTests" */ = {
			isa = XCConfigurationList;
			buildConfigurations = (
				110C7D5C1838C8A00046EC1F /* Debug */,
				110C7D5D1838C8A00046EC1F /* Release */,
			);
			defaultConfigurationIsVisible = 0;
			defaultConfigurationName = Release;
		};
/* End XCConfigurationList section */

/* Begin XCVersionGroup section */
		110C7D6518391BEE0046EC1F /* Model.xcdatamodeld */ = {
			isa = XCVersionGroup;
			children = (
				1119D090183E89C200BC8C04 /* Model 5.xcdatamodel */,
				11A9783D1841295A006DD321 /* Model 8.xcdatamodel */,
				11F57F261840D61900929388 /* Model 6.xcdatamodel */,
				11F57F2C1840D97300929388 /* Model 7.xcdatamodel */,
				1119D098183EC9C700BC8C04 /* test.xcdatamodel */,
				114E59B8183BFD1D008AF575 /* Model 4.xcdatamodel */,
				114E59AC183BDAC2008AF575 /* Model 2.xcdatamodel */,
				110C7D6618391BEE0046EC1F /* Model.xcdatamodel */,
			);
			currentVersion = 1119D090183E89C200BC8C04 /* Model 5.xcdatamodel */;
			path = Model.xcdatamodeld;
			sourceTree = "<group>";
			versionGroupType = wrapper.xcdatamodel;
		};
/* End XCVersionGroup section */
	};
	rootObject = 110C7D1E1838C8A00046EC1F /* Project object */;
}
